{
  "name": "@mohaimin95/commons",
  "version": "1.0.0",
  "lockfileVersion": 2,
  "requires": true,
  "packages": {
    "": {
      "name": "@mohaimin95/commons",
      "version": "1.0.0",
      "license": "ISC",
      "dependencies": {
        "jet-logger": "^1.1.5"
      }
    },
    "node_modules/colors": {
      "version": "1.3.0",
      "resolved": "https://registry.npmjs.org/colors/-/colors-1.3.0.tgz",
      "integrity": "sha512-EDpX3a7wHMWFA7PUHWPHNWqOxIIRSJetuwl0AS5Oi/5FMV8kWm69RTlgm00GKjBO1xFHMtBbL49yRtMMdticBw==",
      "engines": {
        "node": ">=0.1.90"
      }
    },
    "node_modules/jet-logger": {
      "version": "1.1.5",
      "resolved": "https://registry.npmjs.org/jet-logger/-/jet-logger-1.1.5.tgz",
      "integrity": "sha512-bG3FW7T8b825ZDJ9pnb+FovbKhhQ0vQmq7la2blNcsJbB0rviNvEjBEC4zjFSK6wFje7fAwXS8qYPkorHkJR9g==",
      "dependencies": {
        "colors": "1.3.0"
      }
    }
  },
  "dependencies": {
    "colors": {
      "version": "1.3.0",
      "resolved": "https://registry.npmjs.org/colors/-/colors-1.3.0.tgz",
      "integrity": "sha512-EDpX3a7wHMWFA7PUHWPHNWqOxIIRSJetuwl0AS5Oi/5FMV8kWm69RTlgm00GKjBO1xFHMtBbL49yRtMMdticBw=="
    },
    "jet-logger": {
      "version": "1.1.5",
      "resolved": "https://registry.npmjs.org/jet-logger/-/jet-logger-1.1.5.tgz",
      "integrity": "sha512-bG3FW7T8b825ZDJ9pnb+FovbKhhQ0vQmq7la2blNcsJbB0rviNvEjBEC4zjFSK6wFje7fAwXS8qYPkorHkJR9g==",
      "requires": {
        "colors": "1.3.0"
      }
    }
  }
}
